# This file is automatically @generated by Cargo.
# It is not intended for manual editing.
version = 4

[[package]]
name = "kaolinite"
version = "0.1.0"

[[package]]
name = "kmc-io"
version = "0.1.0"
dependencies = [
 "kaolinite",
]

[[package]]
name = "mckaol-cli"
version = "0.1.0"
dependencies = [
 "kmc-io",
]
